// !$*UTF8*$!
{
	archiveVersion = 1;
	classes = {
	};
	objectVersion = 46;
	objects = {

/* Begin PBXBuildFile section */
		581D3E5C19E36F9E004AD7A6 /* main.m in Sources */ = {isa = PBXBuildFile; fileRef = 581D3E5B19E36F9E004AD7A6 /* main.m */; };
		581D3E5F19E36F9E004AD7A6 /* AppDelegate.m in Sources */ = {isa = PBXBuildFile; fileRef = 581D3E5E19E36F9E004AD7A6 /* AppDelegate.m */; };
		581D3E6219E36F9E004AD7A6 /* ProPresenter_Creator.xcdatamodeld in Sources */ = {isa = PBXBuildFile; fileRef = 581D3E6019E36F9E004AD7A6 /* ProPresenter_Creator.xcdatamodeld */; };
		581D3E6419E36F9E004AD7A6 /* Images.xcassets in Resources */ = {isa = PBXBuildFile; fileRef = 581D3E6319E36F9E004AD7A6 /* Images.xcassets */; };
		581D3E6719E36F9E004AD7A6 /* MainMenu.xib in Resources */ = {isa = PBXBuildFile; fileRef = 581D3E6519E36F9E004AD7A6 /* MainMenu.xib */; };
		581D3E7319E36F9E004AD7A6 /* ProPresenter_CreatorTests.m in Sources */ = {isa = PBXBuildFile; fileRef = 581D3E7219E36F9E004AD7A6 /* ProPresenter_CreatorTests.m */; };
		581D3E8F19ECA6E4004AD7A6 /* RSRTVArrayController.m in Sources */ = {isa = PBXBuildFile; fileRef = 581D3E8E19ECA6E4004AD7A6 /* RSRTVArrayController.m */; };
		581D3E9419EE001A004AD7A6 /* lower_title.slidetemplate in Resources */ = {isa = PBXBuildFile; fileRef = 581D3E9119EE001A004AD7A6 /* lower_title.slidetemplate */; };
		581D3E9519EE001A004AD7A6 /* lower_scripture.slidetemplate in Resources */ = {isa = PBXBuildFile; fileRef = 581D3E9219EE001A004AD7A6 /* lower_scripture.slidetemplate */; };
		581D3E9619EE001A004AD7A6 /* lower_document.slidetemplate in Resources */ = {isa = PBXBuildFile; fileRef = 581D3E9319EE001A004AD7A6 /* lower_document.slidetemplate */; };
		588DF0DC19E9BB3B00113A14 /* pro5document.slidetemplate in Resources */ = {isa = PBXBuildFile; fileRef = 588DF0D819E9BB3B00113A14 /* pro5document.slidetemplate */; };
		588DF0DD19E9BB3B00113A14 /* title.slidetemplate in Resources */ = {isa = PBXBuildFile; fileRef = 588DF0D919E9BB3B00113A14 /* title.slidetemplate */; };
		588DF0DE19E9BB3B00113A14 /* media_slide.slidetemplate in Resources */ = {isa = PBXBuildFile; fileRef = 588DF0DA19E9BB3B00113A14 /* media_slide.slidetemplate */; };
		588DF0DF19E9BB3B00113A14 /* blank_slide.slidetemplate in Resources */ = {isa = PBXBuildFile; fileRef = 588DF0DB19E9BB3B00113A14 /* blank_slide.slidetemplate */; };
		588DF0E119E9C32900113A14 /* sample.slidetemplate in Resources */ = {isa = PBXBuildFile; fileRef = 588DF0E019E9C32900113A14 /* sample.slidetemplate */; };
		588DF0E319E9E0CD00113A14 /* scripture.slidetemplate in Resources */ = {isa = PBXBuildFile; fileRef = 588DF0E219E9E0CD00113A14 /* scripture.slidetemplate */; };
		588DF0E719E9E4A300113A14 /* parkway_scripture.slidetemplate in Resources */ = {isa = PBXBuildFile; fileRef = 588DF0E419E9E4A300113A14 /* parkway_scripture.slidetemplate */; };
		588DF0E819E9E4A300113A14 /* parkway_title.slidetemplate in Resources */ = {isa = PBXBuildFile; fileRef = 588DF0E519E9E4A300113A14 /* parkway_title.slidetemplate */; };
		588DF0E919E9E4A300113A14 /* parkway_document.slidetemplate in Resources */ = {isa = PBXBuildFile; fileRef = 588DF0E619E9E4A300113A14 /* parkway_document.slidetemplate */; };
		58A1A0EE19E71FD20083CD69 /* ioapi.c in Sources */ = {isa = PBXBuildFile; fileRef = 58A1A0E119E71FD20083CD69 /* ioapi.c */; };
		58A1A0EF19E71FD20083CD69 /* mztools.c in Sources */ = {isa = PBXBuildFile; fileRef = 58A1A0E419E71FD20083CD69 /* mztools.c */; };
		58A1A0F019E71FD20083CD69 /* SSZipArchive.m in Sources */ = {isa = PBXBuildFile; fileRef = 58A1A0E719E71FD20083CD69 /* SSZipArchive.m */; };
		58A1A0F119E71FD20083CD69 /* unzip.c in Sources */ = {isa = PBXBuildFile; fileRef = 58A1A0E819E71FD20083CD69 /* unzip.c */; };
		58A1A0F219E71FD20083CD69 /* zip.c in Sources */ = {isa = PBXBuildFile; fileRef = 58A1A0EA19E71FD20083CD69 /* zip.c */; };
		58A1A0F319E71FD20083CD69 /* ZipArchive.mm in Sources */ = {isa = PBXBuildFile; fileRef = 58A1A0ED19E71FD20083CD69 /* ZipArchive.mm */; };
		58A1A0F519E7209F0083CD69 /* libz.1.2.5.dylib in Frameworks */ = {isa = PBXBuildFile; fileRef = 58A1A0F419E7209F0083CD69 /* libz.1.2.5.dylib */; };
/* End PBXBuildFile section */

/* Begin PBXContainerItemProxy section */
		581D3E6D19E36F9E004AD7A6 /* PBXContainerItemProxy */ = {
			isa = PBXContainerItemProxy;
			containerPortal = 581D3E4E19E36F9E004AD7A6 /* Project object */;
			proxyType = 1;
			remoteGlobalIDString = 581D3E5519E36F9E004AD7A6;
			remoteInfo = "ProPresenter Creator";
		};
/* End PBXContainerItemProxy section */

/* Begin PBXFileReference section */
		581D3E5619E36F9E004AD7A6 /* ProPresenter Creator.app */ = {isa = PBXFileReference; explicitFileType = wrapper.application; includeInIndex = 0; path = "ProPresenter Creator.app"; sourceTree = BUILT_PRODUCTS_DIR; };
		581D3E5A19E36F9E004AD7A6 /* Info.plist */ = {isa = PBXFileReference; lastKnownFileType = text.plist.xml; path = Info.plist; sourceTree = "<group>"; };
		581D3E5B19E36F9E004AD7A6 /* main.m */ = {isa = PBXFileReference; lastKnownFileType = sourcecode.c.objc; path = main.m; sourceTree = "<group>"; };
		581D3E5D19E36F9E004AD7A6 /* AppDelegate.h */ = {isa = PBXFileReference; lastKnownFileType = sourcecode.c.h; path = AppDelegate.h; sourceTree = "<group>"; };
		581D3E5E19E36F9E004AD7A6 /* AppDelegate.m */ = {isa = PBXFileReference; lastKnownFileType = sourcecode.c.objc; path = AppDelegate.m; sourceTree = "<group>"; };
		581D3E6119E36F9E004AD7A6 /* ProPresenter_Creator.xcdatamodel */ = {isa = PBXFileReference; lastKnownFileType = wrapper.xcdatamodel; path = ProPresenter_Creator.xcdatamodel; sourceTree = "<group>"; };
		581D3E6319E36F9E004AD7A6 /* Images.xcassets */ = {isa = PBXFileReference; lastKnownFileType = folder.assetcatalog; path = Images.xcassets; sourceTree = "<group>"; };
		581D3E6619E36F9E004AD7A6 /* Base */ = {isa = PBXFileReference; lastKnownFileType = file.xib; name = Base; path = Base.lproj/MainMenu.xib; sourceTree = "<group>"; };
		581D3E6C19E36F9E004AD7A6 /* ProPresenter CreatorTests.xctest */ = {isa = PBXFileReference; explicitFileType = wrapper.cfbundle; includeInIndex = 0; path = "ProPresenter CreatorTests.xctest"; sourceTree = BUILT_PRODUCTS_DIR; };
		581D3E7119E36F9E004AD7A6 /* Info.plist */ = {isa = PBXFileReference; lastKnownFileType = text.plist.xml; path = Info.plist; sourceTree = "<group>"; };
		581D3E7219E36F9E004AD7A6 /* ProPresenter_CreatorTests.m */ = {isa = PBXFileReference; lastKnownFileType = sourcecode.c.objc; path = ProPresenter_CreatorTests.m; sourceTree = "<group>"; };
		581D3E8D19ECA6E4004AD7A6 /* RSRTVArrayController.h */ = {isa = PBXFileReference; fileEncoding = 4; lastKnownFileType = sourcecode.c.h; path = RSRTVArrayController.h; sourceTree = "<group>"; };
		581D3E8E19ECA6E4004AD7A6 /* RSRTVArrayController.m */ = {isa = PBXFileReference; fileEncoding = 4; lastKnownFileType = sourcecode.c.objc; path = RSRTVArrayController.m; sourceTree = "<group>"; };
		581D3E9119EE001A004AD7A6 /* lower_title.slidetemplate */ = {isa = PBXFileReference; fileEncoding = 4; lastKnownFileType = text; path = lower_title.slidetemplate; sourceTree = "<group>"; };
		581D3E9219EE001A004AD7A6 /* lower_scripture.slidetemplate */ = {isa = PBXFileReference; fileEncoding = 4; lastKnownFileType = text; path = lower_scripture.slidetemplate; sourceTree = "<group>"; };
		581D3E9319EE001A004AD7A6 /* lower_document.slidetemplate */ = {isa = PBXFileReference; fileEncoding = 4; lastKnownFileType = text; path = lower_document.slidetemplate; sourceTree = "<group>"; };
		588DF0D819E9BB3B00113A14 /* pro5document.slidetemplate */ = {isa = PBXFileReference; fileEncoding = 4; lastKnownFileType = text; path = pro5document.slidetemplate; sourceTree = "<group>"; };
		588DF0D919E9BB3B00113A14 /* title.slidetemplate */ = {isa = PBXFileReference; fileEncoding = 4; lastKnownFileType = text; path = title.slidetemplate; sourceTree = "<group>"; };
		588DF0DA19E9BB3B00113A14 /* media_slide.slidetemplate */ = {isa = PBXFileReference; fileEncoding = 4; lastKnownFileType = text; path = media_slide.slidetemplate; sourceTree = "<group>"; };
		588DF0DB19E9BB3B00113A14 /* blank_slide.slidetemplate */ = {isa = PBXFileReference; fileEncoding = 4; lastKnownFileType = text; path = blank_slide.slidetemplate; sourceTree = "<group>"; };
		588DF0E019E9C32900113A14 /* sample.slidetemplate */ = {isa = PBXFileReference; fileEncoding = 4; lastKnownFileType = text; path = sample.slidetemplate; sourceTree = "<group>"; };
		588DF0E219E9E0CD00113A14 /* scripture.slidetemplate */ = {isa = PBXFileReference; fileEncoding = 4; lastKnownFileType = text; path = scripture.slidetemplate; sourceTree = "<group>"; };
		588DF0E419E9E4A300113A14 /* parkway_scripture.slidetemplate */ = {isa = PBXFileReference; fileEncoding = 4; lastKnownFileType = text; path = parkway_scripture.slidetemplate; sourceTree = "<group>"; };
		588DF0E519E9E4A300113A14 /* parkway_title.slidetemplate */ = {isa = PBXFileReference; fileEncoding = 4; lastKnownFileType = text; path = parkway_title.slidetemplate; sourceTree = "<group>"; };
		588DF0E619E9E4A300113A14 /* parkway_document.slidetemplate */ = {isa = PBXFileReference; fileEncoding = 4; lastKnownFileType = text; path = parkway_document.slidetemplate; sourceTree = "<group>"; };
		58A1A0E019E71FD20083CD69 /* crypt.h */ = {isa = PBXFileReference; fileEncoding = 4; lastKnownFileType = sourcecode.c.h; path = crypt.h; sourceTree = "<group>"; };
		58A1A0E119E71FD20083CD69 /* ioapi.c */ = {isa = PBXFileReference; fileEncoding = 4; lastKnownFileType = sourcecode.c.c; path = ioapi.c; sourceTree = "<group>"; };
		58A1A0E219E71FD20083CD69 /* ioapi.h */ = {isa = PBXFileReference; fileEncoding = 4; lastKnownFileType = sourcecode.c.h; path = ioapi.h; sourceTree = "<group>"; };
		58A1A0E319E71FD20083CD69 /* minizip-Prefix.pch */ = {isa = PBXFileReference; fileEncoding = 4; lastKnownFileType = sourcecode.c.h; path = "minizip-Prefix.pch"; sourceTree = "<group>"; };
		58A1A0E419E71FD20083CD69 /* mztools.c */ = {isa = PBXFileReference; fileEncoding = 4; lastKnownFileType = sourcecode.c.c; path = mztools.c; sourceTree = "<group>"; };
		58A1A0E519E71FD20083CD69 /* mztools.h */ = {isa = PBXFileReference; fileEncoding = 4; lastKnownFileType = sourcecode.c.h; path = mztools.h; sourceTree = "<group>"; };
		58A1A0E619E71FD20083CD69 /* SSZipArchive.h */ = {isa = PBXFileReference; fileEncoding = 4; lastKnownFileType = sourcecode.c.h; path = SSZipArchive.h; sourceTree = "<group>"; };
		58A1A0E719E71FD20083CD69 /* SSZipArchive.m */ = {isa = PBXFileReference; fileEncoding = 4; lastKnownFileType = sourcecode.c.objc; path = SSZipArchive.m; sourceTree = "<group>"; };
		58A1A0E819E71FD20083CD69 /* unzip.c */ = {isa = PBXFileReference; fileEncoding = 4; lastKnownFileType = sourcecode.c.c; path = unzip.c; sourceTree = "<group>"; };
		58A1A0E919E71FD20083CD69 /* unzip.h */ = {isa = PBXFileReference; fileEncoding = 4; lastKnownFileType = sourcecode.c.h; path = unzip.h; sourceTree = "<group>"; };
		58A1A0EA19E71FD20083CD69 /* zip.c */ = {isa = PBXFileReference; fileEncoding = 4; lastKnownFileType = sourcecode.c.c; path = zip.c; sourceTree = "<group>"; };
		58A1A0EB19E71FD20083CD69 /* zip.h */ = {isa = PBXFileReference; fileEncoding = 4; lastKnownFileType = sourcecode.c.h; path = zip.h; sourceTree = "<group>"; };
		58A1A0EC19E71FD20083CD69 /* ZipArchive.h */ = {isa = PBXFileReference; fileEncoding = 4; lastKnownFileType = sourcecode.c.h; path = ZipArchive.h; sourceTree = "<group>"; };
		58A1A0ED19E71FD20083CD69 /* ZipArchive.mm */ = {isa = PBXFileReference; fileEncoding = 4; lastKnownFileType = sourcecode.cpp.objcpp; path = ZipArchive.mm; sourceTree = "<group>"; };
		58A1A0F419E7209F0083CD69 /* libz.1.2.5.dylib */ = {isa = PBXFileReference; lastKnownFileType = "compiled.mach-o.dylib"; name = libz.1.2.5.dylib; path = usr/lib/libz.1.2.5.dylib; sourceTree = SDKROOT; };
/* End PBXFileReference section */

/* Begin PBXFrameworksBuildPhase section */
		581D3E5319E36F9E004AD7A6 /* Frameworks */ = {
			isa = PBXFrameworksBuildPhase;
			buildActionMask = 2147483647;
			files = (
				58A1A0F519E7209F0083CD69 /* libz.1.2.5.dylib in Frameworks */,
			);
			runOnlyForDeploymentPostprocessing = 0;
		};
		581D3E6919E36F9E004AD7A6 /* Frameworks */ = {
			isa = PBXFrameworksBuildPhase;
			buildActionMask = 2147483647;
			files = (
			);
			runOnlyForDeploymentPostprocessing = 0;
		};
/* End PBXFrameworksBuildPhase section */

/* Begin PBXGroup section */
		581D3E4D19E36F9E004AD7A6 = {
			isa = PBXGroup;
			children = (
				58A1A0F419E7209F0083CD69 /* libz.1.2.5.dylib */,
				581D3E5819E36F9E004AD7A6 /* ProPresenter Creator */,
				581D3E6F19E36F9E004AD7A6 /* ProPresenter CreatorTests */,
				581D3E5719E36F9E004AD7A6 /* Products */,
			);
			sourceTree = "<group>";
		};
		581D3E5719E36F9E004AD7A6 /* Products */ = {
			isa = PBXGroup;
			children = (
				581D3E5619E36F9E004AD7A6 /* ProPresenter Creator.app */,
				581D3E6C19E36F9E004AD7A6 /* ProPresenter CreatorTests.xctest */,
			);
			name = Products;
			sourceTree = "<group>";
		};
		581D3E5819E36F9E004AD7A6 /* ProPresenter Creator */ = {
			isa = PBXGroup;
			children = (
				581D3E8D19ECA6E4004AD7A6 /* RSRTVArrayController.h */,
				581D3E8E19ECA6E4004AD7A6 /* RSRTVArrayController.m */,
				58A1A0DF19E71FD20083CD69 /* minizip */,
				581D3E5D19E36F9E004AD7A6 /* AppDelegate.h */,
				581D3E5E19E36F9E004AD7A6 /* AppDelegate.m */,
				581D3E6319E36F9E004AD7A6 /* Images.xcassets */,
				581D3E6519E36F9E004AD7A6 /* MainMenu.xib */,
				581D3E6019E36F9E004AD7A6 /* ProPresenter_Creator.xcdatamodeld */,
				581D3E5919E36F9E004AD7A6 /* Supporting Files */,
			);
			path = "ProPresenter Creator";
			sourceTree = "<group>";
		};
		581D3E5919E36F9E004AD7A6 /* Supporting Files */ = {
			isa = PBXGroup;
			children = (
				581D3E9119EE001A004AD7A6 /* lower_title.slidetemplate */,
				581D3E9219EE001A004AD7A6 /* lower_scripture.slidetemplate */,
				581D3E9319EE001A004AD7A6 /* lower_document.slidetemplate */,
				588DF0E419E9E4A300113A14 /* parkway_scripture.slidetemplate */,
				588DF0E519E9E4A300113A14 /* parkway_title.slidetemplate */,
				588DF0E619E9E4A300113A14 /* parkway_document.slidetemplate */,
				588DF0E219E9E0CD00113A14 /* scripture.slidetemplate */,
				588DF0D819E9BB3B00113A14 /* pro5document.slidetemplate */,
				588DF0D919E9BB3B00113A14 /* title.slidetemplate */,
				588DF0DA19E9BB3B00113A14 /* media_slide.slidetemplate */,
				588DF0DB19E9BB3B00113A14 /* blank_slide.slidetemplate */,
				588DF0E019E9C32900113A14 /* sample.slidetemplate */,
				581D3E5A19E36F9E004AD7A6 /* Info.plist */,
				581D3E5B19E36F9E004AD7A6 /* main.m */,
			);
			name = "Supporting Files";
			sourceTree = "<group>";
		};
		581D3E6F19E36F9E004AD7A6 /* ProPresenter CreatorTests */ = {
			isa = PBXGroup;
			children = (
				581D3E7219E36F9E004AD7A6 /* ProPresenter_CreatorTests.m */,
				581D3E7019E36F9E004AD7A6 /* Supporting Files */,
			);
			path = "ProPresenter CreatorTests";
			sourceTree = "<group>";
		};
		581D3E7019E36F9E004AD7A6 /* Supporting Files */ = {
			isa = PBXGroup;
			children = (
				581D3E7119E36F9E004AD7A6 /* Info.plist */,
			);
			name = "Supporting Files";
			sourceTree = "<group>";
		};
		58A1A0DF19E71FD20083CD69 /* minizip */ = {
			isa = PBXGroup;
			children = (
				58A1A0E019E71FD20083CD69 /* crypt.h */,
				58A1A0E119E71FD20083CD69 /* ioapi.c */,
				58A1A0E219E71FD20083CD69 /* ioapi.h */,
				58A1A0E319E71FD20083CD69 /* minizip-Prefix.pch */,
				58A1A0E419E71FD20083CD69 /* mztools.c */,
				58A1A0E519E71FD20083CD69 /* mztools.h */,
				58A1A0E619E71FD20083CD69 /* SSZipArchive.h */,
				58A1A0E719E71FD20083CD69 /* SSZipArchive.m */,
				58A1A0E819E71FD20083CD69 /* unzip.c */,
				58A1A0E919E71FD20083CD69 /* unzip.h */,
				58A1A0EA19E71FD20083CD69 /* zip.c */,
				58A1A0EB19E71FD20083CD69 /* zip.h */,
				58A1A0EC19E71FD20083CD69 /* ZipArchive.h */,
				58A1A0ED19E71FD20083CD69 /* ZipArchive.mm */,
			);
			path = minizip;
			sourceTree = "<group>";
		};
/* End PBXGroup section */

/* Begin PBXNativeTarget section */
		581D3E5519E36F9E004AD7A6 /* Sermon Slide Maker */ = {
			isa = PBXNativeTarget;
			buildConfigurationList = 581D3E7619E36F9E004AD7A6 /* Build configuration list for PBXNativeTarget "Sermon Slide Maker" */;
			buildPhases = (
				581D3E5219E36F9E004AD7A6 /* Sources */,
				581D3E5319E36F9E004AD7A6 /* Frameworks */,
				581D3E5419E36F9E004AD7A6 /* Resources */,
			);
			buildRules = (
			);
			dependencies = (
			);
			name = "Sermon Slide Maker";
			productName = "ProPresenter Creator";
			productReference = 581D3E5619E36F9E004AD7A6 /* ProPresenter Creator.app */;
			productType = "com.apple.product-type.application";
		};
		581D3E6B19E36F9E004AD7A6 /* ProPresenter CreatorTests */ = {
			isa = PBXNativeTarget;
			buildConfigurationList = 581D3E7919E36F9E004AD7A6 /* Build configuration list for PBXNativeTarget "ProPresenter CreatorTests" */;
			buildPhases = (
				581D3E6819E36F9E004AD7A6 /* Sources */,
				581D3E6919E36F9E004AD7A6 /* Frameworks */,
				581D3E6A19E36F9E004AD7A6 /* Resources */,
			);
			buildRules = (
			);
			dependencies = (
				581D3E6E19E36F9E004AD7A6 /* PBXTargetDependency */,
			);
			name = "ProPresenter CreatorTests";
			productName = "ProPresenter CreatorTests";
			productReference = 581D3E6C19E36F9E004AD7A6 /* ProPresenter CreatorTests.xctest */;
			productType = "com.apple.product-type.bundle.unit-test";
		};
/* End PBXNativeTarget section */

/* Begin PBXProject section */
		581D3E4E19E36F9E004AD7A6 /* Project object */ = {
			isa = PBXProject;
			attributes = {
				LastUpgradeCheck = 0600;
				ORGANIZATIONNAME = "Jason Terhorst";
				TargetAttributes = {
					581D3E5519E36F9E004AD7A6 = {
						CreatedOnToolsVersion = 6.0.1;
					};
					581D3E6B19E36F9E004AD7A6 = {
						CreatedOnToolsVersion = 6.0.1;
						TestTargetID = 581D3E5519E36F9E004AD7A6;
					};
				};
			};
			buildConfigurationList = 581D3E5119E36F9E004AD7A6 /* Build configuration list for PBXProject "ProPresenter Creator" */;
			compatibilityVersion = "Xcode 3.2";
			developmentRegion = English;
			hasScannedForEncodings = 0;
			knownRegions = (
				en,
				Base,
			);
			mainGroup = 581D3E4D19E36F9E004AD7A6;
			productRefGroup = 581D3E5719E36F9E004AD7A6 /* Products */;
			projectDirPath = "";
			projectRoot = "";
			targets = (
				581D3E5519E36F9E004AD7A6 /* Sermon Slide Maker */,
				581D3E6B19E36F9E004AD7A6 /* ProPresenter CreatorTests */,
			);
		};
/* End PBXProject section */

/* Begin PBXResourcesBuildPhase section */
		581D3E5419E36F9E004AD7A6 /* Resources */ = {
			isa = PBXResourcesBuildPhase;
			buildActionMask = 2147483647;
			files = (
				588DF0DD19E9BB3B00113A14 /* title.slidetemplate in Resources */,
				588DF0DC19E9BB3B00113A14 /* pro5document.slidetemplate in Resources */,
				588DF0DF19E9BB3B00113A14 /* blank_slide.slidetemplate in Resources */,
				588DF0E319E9E0CD00113A14 /* scripture.slidetemplate in Resources */,
				588DF0E819E9E4A300113A14 /* parkway_title.slidetemplate in Resources */,
				581D3E6419E36F9E004AD7A6 /* Images.xcassets in Resources */,
				581D3E9619EE001A004AD7A6 /* lower_document.slidetemplate in Resources */,
				581D3E9419EE001A004AD7A6 /* lower_title.slidetemplate in Resources */,
				588DF0E919E9E4A300113A14 /* parkway_document.slidetemplate in Resources */,
				588DF0DE19E9BB3B00113A14 /* media_slide.slidetemplate in Resources */,
				588DF0E719E9E4A300113A14 /* parkway_scripture.slidetemplate in Resources */,
				581D3E6719E36F9E004AD7A6 /* MainMenu.xib in Resources */,
				581D3E9519EE001A004AD7A6 /* lower_scripture.slidetemplate in Resources */,
				588DF0E119E9C32900113A14 /* sample.slidetemplate in Resources */,
			);
			runOnlyForDeploymentPostprocessing = 0;
		};
		581D3E6A19E36F9E004AD7A6 /* Resources */ = {
			isa = PBXResourcesBuildPhase;
			buildActionMask = 2147483647;
			files = (
			);
			runOnlyForDeploymentPostprocessing = 0;
		};
/* End PBXResourcesBuildPhase section */

/* Begin PBXSourcesBuildPhase section */
		581D3E5219E36F9E004AD7A6 /* Sources */ = {
			isa = PBXSourcesBuildPhase;
			buildActionMask = 2147483647;
			files = (
				581D3E6219E36F9E004AD7A6 /* ProPresenter_Creator.xcdatamodeld in Sources */,
				58A1A0F219E71FD20083CD69 /* zip.c in Sources */,
				58A1A0F119E71FD20083CD69 /* unzip.c in Sources */,
				581D3E5F19E36F9E004AD7A6 /* AppDelegate.m in Sources */,
				58A1A0F019E71FD20083CD69 /* SSZipArchive.m in Sources */,
				58A1A0EE19E71FD20083CD69 /* ioapi.c in Sources */,
				581D3E5C19E36F9E004AD7A6 /* main.m in Sources */,
				581D3E8F19ECA6E4004AD7A6 /* RSRTVArrayController.m in Sources */,
				58A1A0F319E71FD20083CD69 /* ZipArchive.mm in Sources */,
				58A1A0EF19E71FD20083CD69 /* mztools.c in Sources */,
			);
			runOnlyForDeploymentPostprocessing = 0;
		};
		581D3E6819E36F9E004AD7A6 /* Sources */ = {
			isa = PBXSourcesBuildPhase;
			buildActionMask = 2147483647;
			files = (
				581D3E7319E36F9E004AD7A6 /* ProPresenter_CreatorTests.m in Sources */,
			);
			runOnlyForDeploymentPostprocessing = 0;
		};
/* End PBXSourcesBuildPhase section */

/* Begin PBXTargetDependency section */
		581D3E6E19E36F9E004AD7A6 /* PBXTargetDependency */ = {
			isa = PBXTargetDependency;
			target = 581D3E5519E36F9E004AD7A6 /* Sermon Slide Maker */;
			targetProxy = 581D3E6D19E36F9E004AD7A6 /* PBXContainerItemProxy */;
		};
/* End PBXTargetDependency section */

/* Begin PBXVariantGroup section */
		581D3E6519E36F9E004AD7A6 /* MainMenu.xib */ = {
			isa = PBXVariantGroup;
			children = (
				581D3E6619E36F9E004AD7A6 /* Base */,
			);
			name = MainMenu.xib;
			sourceTree = "<group>";
		};
/* End PBXVariantGroup section */

/* Begin XCBuildConfiguration section */
		581D3E7419E36F9E004AD7A6 /* Debug */ = {
			isa = XCBuildConfiguration;
			buildSettings = {
				ALWAYS_SEARCH_USER_PATHS = NO;
				CLANG_CXX_LANGUAGE_STANDARD = "gnu++0x";
				CLANG_CXX_LIBRARY = "libc++";
				CLANG_ENABLE_MODULES = YES;
				CLANG_ENABLE_OBJC_ARC = YES;
				CLANG_WARN_BOOL_CONVERSION = YES;
				CLANG_WARN_CONSTANT_CONVERSION = YES;
				CLANG_WARN_DIRECT_OBJC_ISA_USAGE = YES_ERROR;
				CLANG_WARN_EMPTY_BODY = YES;
				CLANG_WARN_ENUM_CONVERSION = YES;
				CLANG_WARN_INT_CONVERSION = YES;
				CLANG_WARN_OBJC_ROOT_CLASS = YES_ERROR;
				CLANG_WARN_UNREACHABLE_CODE = YES;
				CLANG_WARN__DUPLICATE_METHOD_MATCH = YES;
				CODE_SIGN_IDENTITY = "-";
				COPY_PHASE_STRIP = NO;
				ENABLE_STRICT_OBJC_MSGSEND = YES;
				GCC_C_LANGUAGE_STANDARD = gnu99;
				GCC_DYNAMIC_NO_PIC = NO;
				GCC_OPTIMIZATION_LEVEL = 0;
				GCC_PREPROCESSOR_DEFINITIONS = (
					"DEBUG=1",
					"$(inherited)",
				);
				GCC_SYMBOLS_PRIVATE_EXTERN = NO;
				GCC_WARN_64_TO_32_BIT_CONVERSION = YES;
				GCC_WARN_ABOUT_RETURN_TYPE = YES_ERROR;
				GCC_WARN_UNDECLARED_SELECTOR = YES;
				GCC_WARN_UNINITIALIZED_AUTOS = YES_AGGRESSIVE;
				GCC_WARN_UNUSED_FUNCTION = YES;
				GCC_WARN_UNUSED_VARIABLE = YES;
				MACOSX_DEPLOYMENT_TARGET = 10.9;
				MTL_ENABLE_DEBUG_INFO = YES;
				ONLY_ACTIVE_ARCH = YES;
				SDKROOT = macosx;
			};
			name = Debug;
		};
		581D3E7519E36F9E004AD7A6 /* Release */ = {
			isa = XCBuildConfiguration;
			buildSettings = {
				ALWAYS_SEARCH_USER_PATHS = NO;
				CLANG_CXX_LANGUAGE_STANDARD = "gnu++0x";
				CLANG_CXX_LIBRARY = "libc++";
				CLANG_ENABLE_MODULES = YES;
				CLANG_ENABLE_OBJC_ARC = YES;
				CLANG_WARN_BOOL_CONVERSION = YES;
				CLANG_WARN_CONSTANT_CONVERSION = YES;
				CLANG_WARN_DIRECT_OBJC_ISA_USAGE = YES_ERROR;
				CLANG_WARN_EMPTY_BODY = YES;
				CLANG_WARN_ENUM_CONVERSION = YES;
				CLANG_WARN_INT_CONVERSION = YES;
				CLANG_WARN_OBJC_ROOT_CLASS = YES_ERROR;
				CLANG_WARN_UNREACHABLE_CODE = YES;
				CLANG_WARN__DUPLICATE_METHOD_MATCH = YES;
				CODE_SIGN_IDENTITY = "-";
				COPY_PHASE_STRIP = YES;
				DEBUG_INFORMATION_FORMAT = "dwarf-with-dsym";
				ENABLE_NS_ASSERTIONS = NO;
				ENABLE_STRICT_OBJC_MSGSEND = YES;
				GCC_C_LANGUAGE_STANDARD = gnu99;
				GCC_WARN_64_TO_32_BIT_CONVERSION = YES;
				GCC_WARN_ABOUT_RETURN_TYPE = YES_ERROR;
				GCC_WARN_UNDECLARED_SELECTOR = YES;
				GCC_WARN_UNINITIALIZED_AUTOS = YES_AGGRESSIVE;
				GCC_WARN_UNUSED_FUNCTION = YES;
				GCC_WARN_UNUSED_VARIABLE = YES;
				MACOSX_DEPLOYMENT_TARGET = 10.9;
				MTL_ENABLE_DEBUG_INFO = NO;
				SDKROOT = macosx;
			};
			name = Release;
		};
		581D3E7719E36F9E004AD7A6 /* Debug */ = {
			isa = XCBuildConfiguration;
			buildSettings = {
				ASSETCATALOG_COMPILER_APPICON_NAME = AppIcon;
				COMBINE_HIDPI_IMAGES = YES;
				INFOPLIST_FILE = "ProPresenter Creator/Info.plist";
				LD_RUNPATH_SEARCH_PATHS = "$(inherited) @executable_path/../Frameworks";
				PRODUCT_NAME = "$(TARGET_NAME)";
			};
			name = Debug;
		};
		581D3E7819E36F9E004AD7A6 /* Release */ = {
			isa = XCBuildConfiguration;
			buildSettings = {
				ASSETCATALOG_COMPILER_APPICON_NAME = AppIcon;
				COMBINE_HIDPI_IMAGES = YES;
				INFOPLIST_FILE = "ProPresenter Creator/Info.plist";
				LD_RUNPATH_SEARCH_PATHS = "$(inherited) @executable_path/../Frameworks";
				PRODUCT_NAME = "$(TARGET_NAME)";
			};
			name = Release;
		};
		581D3E7A19E36F9E004AD7A6 /* Debug */ = {
			isa = XCBuildConfiguration;
			buildSettings = {
				BUNDLE_LOADER = "$(TEST_HOST)";
				COMBINE_HIDPI_IMAGES = YES;
				FRAMEWORK_SEARCH_PATHS = (
					"$(DEVELOPER_FRAMEWORKS_DIR)",
					"$(inherited)",
				);
				GCC_PREPROCESSOR_DEFINITIONS = (
					"DEBUG=1",
					"$(inherited)",
				);
				INFOPLIST_FILE = "ProPresenter CreatorTests/Info.plist";
				LD_RUNPATH_SEARCH_PATHS = "$(inherited) @executable_path/../Frameworks @loader_path/../Frameworks";
				PRODUCT_NAME = "$(TARGET_NAME)";
				TEST_HOST = "$(BUILT_PRODUCTS_DIR)/ProPresenter Creator.app/Contents/MacOS/ProPresenter Creator";
			};
			name = Debug;
		};
		581D3E7B19E36F9E004AD7A6 /* Release */ = {
			isa = XCBuildConfiguration;
			buildSettings = {
				BUNDLE_LOADER = "$(TEST_HOST)";
				COMBINE_HIDPI_IMAGES = YES;
				FRAMEWORK_SEARCH_PATHS = (
					"$(DEVELOPER_FRAMEWORKS_DIR)",
					"$(inherited)",
				);
				INFOPLIST_FILE = "ProPresenter CreatorTests/Info.plist";
				LD_RUNPATH_SEARCH_PATHS = "$(inherited) @executable_path/../Frameworks @loader_path/../Frameworks";
				PRODUCT_NAME = "$(TARGET_NAME)";
				TEST_HOST = "$(BUILT_PRODUCTS_DIR)/ProPresenter Creator.app/Contents/MacOS/ProPresenter Creator";
			};
			name = Release;
		};
/* End XCBuildConfiguration section */

/* Begin XCConfigurationList section */
		581D3E5119E36F9E004AD7A6 /* Build configuration list for PBXProject "ProPresenter Creator" */ = {
			isa = XCConfigurationList;
			buildConfigurations = (
				581D3E7419E36F9E004AD7A6 /* Debug */,
				581D3E7519E36F9E004AD7A6 /* Release */,
			);
			defaultConfigurationIsVisible = 0;
			defaultConfigurationName = Release;
		};
		581D3E7619E36F9E004AD7A6 /* Build configuration list for PBXNativeTarget "Sermon Slide Maker" */ = {
			isa = XCConfigurationList;
			buildConfigurations = (
				581D3E7719E36F9E004AD7A6 /* Debug */,
				581D3E7819E36F9E004AD7A6 /* Release */,
			);
			defaultConfigurationIsVisible = 0;
			defaultConfigurationName = Release;
		};
		581D3E7919E36F9E004AD7A6 /* Build configuration list for PBXNativeTarget "ProPresenter CreatorTests" */ = {
			isa = XCConfigurationList;
			buildConfigurations = (
				581D3E7A19E36F9E004AD7A6 /* Debug */,
				581D3E7B19E36F9E004AD7A6 /* Release */,
			);
			defaultConfigurationIsVisible = 0;
			defaultConfigurationName = Release;
		};
/* End XCConfigurationList section */

/* Begin XCVersionGroup section */
		581D3E6019E36F9E004AD7A6 /* ProPresenter_Creator.xcdatamodeld */ = {
			isa = XCVersionGroup;
			children = (
				581D3E6119E36F9E004AD7A6 /* ProPresenter_Creator.xcdatamodel */,
			);
			currentVersion = 581D3E6119E36F9E004AD7A6 /* ProPresenter_Creator.xcdatamodel */;
			path = ProPresenter_Creator.xcdatamodeld;
			sourceTree = "<group>";
			versionGroupType = wrapper.xcdatamodel;
		};
/* End XCVersionGroup section */
	};
	rootObject = 581D3E4E19E36F9E004AD7A6 /* Project object */;
}
